
Microsoft Visual Studio Solution File, Format Version 12.00
# Visual Studio Version 16
VisualStudioVersion = 16.0.31112.23
MinimumVisualStudioVersion = 10.0.40219.1
Project("{F184B08F-C81C-45F6-A57F-5ABD9991F28F}") = "EcuacionesLineales", "EcuacionesLineales\EcuacionesLineales.vbproj", "{C157B66B-5E6A-4F51-A3AF-C7B512ACE7CF}"
EndProject
Global
	GlobalSection(SolutionConfigurationPlatforms) = preSolution
		Debug|Any CPU = Debug|Any CPU
		Release|Any CPU = Release|Any CPU
	EndGlobalSection
	GlobalSection(ProjectConfigurationPlatforms) = postSolution
		{C157B66B-5E6A-4F51-A3AF-C7B512ACE7CF}.Debug|Any CPU.ActiveCfg = Debug|Any CPU
		{C157B66B-5E6A-4F51-A3AF-C7B512ACE7CF}.Debug|Any CPU.Build.0 = Debug|Any CPU
		{C157B66B-5E6A-4F51-A3AF-C7B512ACE7CF}.Release|Any CPU.ActiveCfg = Release|Any CPU
		{C157B66B-5E6A-4F51-A3AF-C7B512ACE7CF}.Release|Any CPU.Build.0 = Release|Any CPU
	EndGlobalSection
	GlobalSection(SolutionProperties) = preSolution
		HideSolutionNode = FALSE
	EndGlobalSection
	GlobalSection(ExtensibilityGlobals) = postSolution
		SolutionGuid = {B0BCEBE6-213C-4195-947A-65694B2BE355}
	EndGlobalSection
EndGlobal
